
Microsoft Visual Studio Solution File, Format Version 12.00
# Visual Studio Version 17
VisualStudioVersion = 17.0.31903.59
MinimumVisualStudioVersion = 10.0.40219.1
Project("{9A19103F-16F7-4668-BE54-9A1E7A4F7556}") = "AcadiverseLauncher", "AcadiverseLauncher\AcadiverseLauncher.csproj", "{FD92906F-F81B-4698-9750-CA8C1F785D6A}"
EndProject
Project("{9A19103F-16F7-4668-BE54-9A1E7A4F7556}") = "AcadiverseCourseCreator", "AcadiverseCourseCreator\AcadiverseCourseCreator.csproj", "{46747E35-63C6-4FF8-AE4B-8638B852B529}"
EndProject
Project("{9A19103F-16F7-4668-BE54-9A1E7A4F7556}") = "AcadiverseLib", "AcadiverseLib\AcadiverseLib.csproj", "{E6F93E1E-181B-4A43-81C8-DF9E0335AC44}"
EndProject
Project("{9A19103F-16F7-4668-BE54-9A1E7A4F7556}") = "Acadiverse Course Creator Bug Reporter", "Acadiverse Course Creator Crash Reporter\Acadiverse Course Creator Bug Reporter.csproj", "{AEEBD379-1AE3-4AA3-8744-74E57D71E308}"
EndProject
Project("{9A19103F-16F7-4668-BE54-9A1E7A4F7556}") = "AcadiverseDesktopClient", "AcadiverseDesktopClient\AcadiverseDesktopClient.csproj", "{24F359CB-1708-4241-810D-B75C4FC97D45}"
EndProject
Project("{FAE04EC0-301F-11D3-BF4B-00C04F79EFBC}") = "APITest", "APITest\APITest.csproj", "{383D1A07-CAE3-4BA2-BCAF-C2206DAA7577}"
EndProject
Global
	GlobalSection(SolutionConfigurationPlatforms) = preSolution
		Debug|Any CPU = Debug|Any CPU
		Debug|ARM = Debug|ARM
		Debug|ARM64 = Debug|ARM64
		Debug|x64 = Debug|x64
		Debug|x86 = Debug|x86
		Release|Any CPU = Release|Any CPU
		Release|ARM = Release|ARM
		Release|ARM64 = Release|ARM64
		Release|x64 = Release|x64
		Release|x86 = Release|x86
	EndGlobalSection
	GlobalSection(ProjectConfigurationPlatforms) = postSolution
		{FD92906F-F81B-4698-9750-CA8C1F785D6A}.Debug|Any CPU.ActiveCfg = Debug|Any CPU
		{FD92906F-F81B-4698-9750-CA8C1F785D6A}.Debug|Any CPU.Build.0 = Debug|Any CPU
		{FD92906F-F81B-4698-9750-CA8C1F785D6A}.Debug|ARM.ActiveCfg = Debug|Any CPU
		{FD92906F-F81B-4698-9750-CA8C1F785D6A}.Debug|ARM.Build.0 = Debug|Any CPU
		{FD92906F-F81B-4698-9750-CA8C1F785D6A}.Debug|ARM64.ActiveCfg = Debug|Any CPU
		{FD92906F-F81B-4698-9750-CA8C1F785D6A}.Debug|ARM64.Build.0 = Debug|Any CPU
		{FD92906F-F81B-4698-9750-CA8C1F785D6A}.Debug|x64.ActiveCfg = Debug|Any CPU
		{FD92906F-F81B-4698-9750-CA8C1F785D6A}.Debug|x64.Build.0 = Debug|Any CPU
		{FD92906F-F81B-4698-9750-CA8C1F785D6A}.Debug|x86.ActiveCfg = Debug|Any CPU
		{FD92906F-F81B-4698-9750-CA8C1F785D6A}.Debug|x86.Build.0 = Debug|Any CPU
		{FD92906F-F81B-4698-9750-CA8C1F785D6A}.Release|Any CPU.ActiveCfg = Release|Any CPU
		{FD92906F-F81B-4698-9750-CA8C1F785D6A}.Release|Any CPU.Build.0 = Release|Any CPU
		{FD92906F-F81B-4698-9750-CA8C1F785D6A}.Release|ARM.ActiveCfg = Release|Any CPU
		{FD92906F-F81B-4698-9750-CA8C1F785D6A}.Release|ARM.Build.0 = Release|Any CPU
		{FD92906F-F81B-4698-9750-CA8C1F785D6A}.Release|ARM64.ActiveCfg = Release|Any CPU
		{FD92906F-F81B-4698-9750-CA8C1F785D6A}.Release|ARM64.Build.0 = Release|Any CPU
		{FD92906F-F81B-4698-9750-CA8C1F785D6A}.Release|x64.ActiveCfg = Release|Any CPU
		{FD92906F-F81B-4698-9750-CA8C1F785D6A}.Release|x64.Build.0 = Release|Any CPU
		{FD92906F-F81B-4698-9750-CA8C1F785D6A}.Release|x86.ActiveCfg = Release|Any CPU
		{FD92906F-F81B-4698-9750-CA8C1F785D6A}.Release|x86.Build.0 = Release|Any CPU
		{46747E35-63C6-4FF8-AE4B-8638B852B529}.Debug|Any CPU.ActiveCfg = Debug|Any CPU
		{46747E35-63C6-4FF8-AE4B-8638B852B529}.Debug|Any CPU.Build.0 = Debug|Any CPU
		{46747E35-63C6-4FF8-AE4B-8638B852B529}.Debug|ARM.ActiveCfg = Debug|Any CPU
		{46747E35-63C6-4FF8-AE4B-8638B852B529}.Debug|ARM.Build.0 = Debug|Any CPU
		{46747E35-63C6-4FF8-AE4B-8638B852B529}.Debug|ARM64.ActiveCfg = Debug|Any CPU
		{46747E35-63C6-4FF8-AE4B-8638B852B529}.Debug|ARM64.Build.0 = Debug|Any CPU
		{46747E35-63C6-4FF8-AE4B-8638B852B529}.Debug|x64.ActiveCfg = Debug|Any CPU
		{46747E35-63C6-4FF8-AE4B-8638B852B529}.Debug|x64.Build.0 = Debug|Any CPU
		{46747E35-63C6-4FF8-AE4B-8638B852B529}.Debug|x86.ActiveCfg = Debug|Any CPU
		{46747E35-63C6-4FF8-AE4B-8638B852B529}.Debug|x86.Build.0 = Debug|Any CPU
		{46747E35-63C6-4FF8-AE4B-8638B852B529}.Release|Any CPU.ActiveCfg = Release|Any CPU
		{46747E35-63C6-4FF8-AE4B-8638B852B529}.Release|Any CPU.Build.0 = Release|Any CPU
		{46747E35-63C6-4FF8-AE4B-8638B852B529}.Release|ARM.ActiveCfg = Release|Any CPU
		{46747E35-63C6-4FF8-AE4B-8638B852B529}.Release|ARM.Build.0 = Release|Any CPU
		{46747E35-63C6-4FF8-AE4B-8638B852B529}.Release|ARM64.ActiveCfg = Release|Any CPU
		{46747E35-63C6-4FF8-AE4B-8638B852B529}.Release|ARM64.Build.0 = Release|Any CPU
		{46747E35-63C6-4FF8-AE4B-8638B852B529}.Release|x64.ActiveCfg = Release|Any CPU
		{46747E35-63C6-4FF8-AE4B-8638B852B529}.Release|x64.Build.0 = Release|Any CPU
		{46747E35-63C6-4FF8-AE4B-8638B852B529}.Release|x86.ActiveCfg = Release|Any CPU
		{46747E35-63C6-4FF8-AE4B-8638B852B529}.Release|x86.Build.0 = Release|Any CPU
		{E6F93E1E-181B-4A43-81C8-DF9E0335AC44}.Debug|Any CPU.ActiveCfg = Debug|Any CPU
		{E6F93E1E-181B-4A43-81C8-DF9E0335AC44}.Debug|Any CPU.Build.0 = Debug|Any CPU
		{E6F93E1E-181B-4A43-81C8-DF9E0335AC44}.Debug|ARM.ActiveCfg = Debug|Any CPU
		{E6F93E1E-181B-4A43-81C8-DF9E0335AC44}.Debug|ARM.Build.0 = Debug|Any CPU
		{E6F93E1E-181B-4A43-81C8-DF9E0335AC44}.Debug|ARM64.ActiveCfg = Debug|Any CPU
		{E6F93E1E-181B-4A43-81C8-DF9E0335AC44}.Debug|ARM64.Build.0 = Debug|Any CPU
		{E6F93E1E-181B-4A43-81C8-DF9E0335AC44}.Debug|x64.ActiveCfg = Debug|Any CPU
		{E6F93E1E-181B-4A43-81C8-DF9E0335AC44}.Debug|x64.Build.0 = Debug|Any CPU
		{E6F93E1E-181B-4A43-81C8-DF9E0335AC44}.Debug|x86.ActiveCfg = Debug|Any CPU
		{E6F93E1E-181B-4A43-81C8-DF9E0335AC44}.Debug|x86.Build.0 = Debug|Any CPU
		{E6F93E1E-181B-4A43-81C8-DF9E0335AC44}.Release|Any CPU.ActiveCfg = Release|Any CPU
		{E6F93E1E-181B-4A43-81C8-DF9E0335AC44}.Release|Any CPU.Build.0 = Release|Any CPU
		{E6F93E1E-181B-4A43-81C8-DF9E0335AC44}.Release|ARM.ActiveCfg = Release|Any CPU
		{E6F93E1E-181B-4A43-81C8-DF9E0335AC44}.Release|ARM.Build.0 = Release|Any CPU
		{E6F93E1E-181B-4A43-81C8-DF9E0335AC44}.Release|ARM64.ActiveCfg = Release|Any CPU
		{E6F93E1E-181B-4A43-81C8-DF9E0335AC44}.Release|ARM64.Build.0 = Release|Any CPU
		{E6F93E1E-181B-4A43-81C8-DF9E0335AC44}.Release|x64.ActiveCfg = Release|Any CPU
		{E6F93E1E-181B-4A43-81C8-DF9E0335AC44}.Release|x64.Build.0 = Release|Any CPU
		{E6F93E1E-181B-4A43-81C8-DF9E0335AC44}.Release|x86.ActiveCfg = Release|Any CPU
		{E6F93E1E-181B-4A43-81C8-DF9E0335AC44}.Release|x86.Build.0 = Release|Any CPU
		{AEEBD379-1AE3-4AA3-8744-74E57D71E308}.Debug|Any CPU.ActiveCfg = Debug|Any CPU
		{AEEBD379-1AE3-4AA3-8744-74E57D71E308}.Debug|Any CPU.Build.0 = Debug|Any CPU
		{AEEBD379-1AE3-4AA3-8744-74E57D71E308}.Debug|ARM.ActiveCfg = Debug|Any CPU
		{AEEBD379-1AE3-4AA3-8744-74E57D71E308}.Debug|ARM.Build.0 = Debug|Any CPU
		{AEEBD379-1AE3-4AA3-8744-74E57D71E308}.Debug|ARM64.ActiveCfg = Debug|Any CPU
		{AEEBD379-1AE3-4AA3-8744-74E57D71E308}.Debug|ARM64.Build.0 = Debug|Any CPU
		{AEEBD379-1AE3-4AA3-8744-74E57D71E308}.Debug|x64.ActiveCfg = Debug|Any CPU
		{AEEBD379-1AE3-4AA3-8744-74E57D71E308}.Debug|x64.Build.0 = Debug|Any CPU
		{AEEBD379-1AE3-4AA3-8744-74E57D71E308}.Debug|x86.ActiveCfg = Debug|Any CPU
		{AEEBD379-1AE3-4AA3-8744-74E57D71E308}.Debug|x86.Build.0 = Debug|Any CPU
		{AEEBD379-1AE3-4AA3-8744-74E57D71E308}.Release|Any CPU.ActiveCfg = Release|Any CPU
		{AEEBD379-1AE3-4AA3-8744-74E57D71E308}.Release|Any CPU.Build.0 = Release|Any CPU
		{AEEBD379-1AE3-4AA3-8744-74E57D71E308}.Release|ARM.ActiveCfg = Release|Any CPU
		{AEEBD379-1AE3-4AA3-8744-74E57D71E308}.Release|ARM.Build.0 = Release|Any CPU
		{AEEBD379-1AE3-4AA3-8744-74E57D71E308}.Release|ARM64.ActiveCfg = Release|Any CPU
		{AEEBD379-1AE3-4AA3-8744-74E57D71E308}.Release|ARM64.Build.0 = Release|Any CPU
		{AEEBD379-1AE3-4AA3-8744-74E57D71E308}.Release|x64.ActiveCfg = Release|Any CPU
		{AEEBD379-1AE3-4AA3-8744-74E57D71E308}.Release|x64.Build.0 = Release|Any CPU
		{AEEBD379-1AE3-4AA3-8744-74E57D71E308}.Release|x86.ActiveCfg = Release|Any CPU
		{AEEBD379-1AE3-4AA3-8744-74E57D71E308}.Release|x86.Build.0 = Release|Any CPU
		{24F359CB-1708-4241-810D-B75C4FC97D45}.Debug|Any CPU.ActiveCfg = Debug|Any CPU
		{24F359CB-1708-4241-810D-B75C4FC97D45}.Debug|Any CPU.Build.0 = Debug|Any CPU
		{24F359CB-1708-4241-810D-B75C4FC97D45}.Debug|ARM.ActiveCfg = Debug|Any CPU
		{24F359CB-1708-4241-810D-B75C4FC97D45}.Debug|ARM.Build.0 = Debug|Any CPU
		{24F359CB-1708-4241-810D-B75C4FC97D45}.Debug|ARM64.ActiveCfg = Debug|Any CPU
		{24F359CB-1708-4241-810D-B75C4FC97D45}.Debug|ARM64.Build.0 = Debug|Any CPU
		{24F359CB-1708-4241-810D-B75C4FC97D45}.Debug|x64.ActiveCfg = Debug|Any CPU
		{24F359CB-1708-4241-810D-B75C4FC97D45}.Debug|x64.Build.0 = Debug|Any CPU
		{24F359CB-1708-4241-810D-B75C4FC97D45}.Debug|x86.ActiveCfg = Debug|Any CPU
		{24F359CB-1708-4241-810D-B75C4FC97D45}.Debug|x86.Build.0 = Debug|Any CPU
		{24F359CB-1708-4241-810D-B75C4FC97D45}.Release|Any CPU.ActiveCfg = Release|Any CPU
		{24F359CB-1708-4241-810D-B75C4FC97D45}.Release|Any CPU.Build.0 = Release|Any CPU
		{24F359CB-1708-4241-810D-B75C4FC97D45}.Release|ARM.ActiveCfg = Release|Any CPU
		{24F359CB-1708-4241-810D-B75C4FC97D45}.Release|ARM.Build.0 = Release|Any CPU
		{24F359CB-1708-4241-810D-B75C4FC97D45}.Release|ARM64.ActiveCfg = Release|Any CPU
		{24F359CB-1708-4241-810D-B75C4FC97D45}.Release|ARM64.Build.0 = Release|Any CPU
		{24F359CB-1708-4241-810D-B75C4FC97D45}.Release|x64.ActiveCfg = Release|Any CPU
		{24F359CB-1708-4241-810D-B75C4FC97D45}.Release|x64.Build.0 = Release|Any CPU
		{24F359CB-1708-4241-810D-B75C4FC97D45}.Release|x86.ActiveCfg = Release|Any CPU
		{24F359CB-1708-4241-810D-B75C4FC97D45}.Release|x86.Build.0 = Release|Any CPU
		{383D1A07-CAE3-4BA2-BCAF-C2206DAA7577}.Debug|Any CPU.ActiveCfg = Debug|Any CPU
		{383D1A07-CAE3-4BA2-BCAF-C2206DAA7577}.Debug|Any CPU.Build.0 = Debug|Any CPU
		{383D1A07-CAE3-4BA2-BCAF-C2206DAA7577}.Debug|ARM.ActiveCfg = Debug|Any CPU
		{383D1A07-CAE3-4BA2-BCAF-C2206DAA7577}.Debug|ARM.Build.0 = Debug|Any CPU
		{383D1A07-CAE3-4BA2-BCAF-C2206DAA7577}.Debug|ARM64.ActiveCfg = Debug|Any CPU
		{383D1A07-CAE3-4BA2-BCAF-C2206DAA7577}.Debug|ARM64.Build.0 = Debug|Any CPU
		{383D1A07-CAE3-4BA2-BCAF-C2206DAA7577}.Debug|x64.ActiveCfg = Debug|Any CPU
		{383D1A07-CAE3-4BA2-BCAF-C2206DAA7577}.Debug|x64.Build.0 = Debug|Any CPU
		{383D1A07-CAE3-4BA2-BCAF-C2206DAA7577}.Debug|x86.ActiveCfg = Debug|Any CPU
		{383D1A07-CAE3-4BA2-BCAF-C2206DAA7577}.Debug|x86.Build.0 = Debug|Any CPU
		{383D1A07-CAE3-4BA2-BCAF-C2206DAA7577}.Release|Any CPU.ActiveCfg = Release|Any CPU
		{383D1A07-CAE3-4BA2-BCAF-C2206DAA7577}.Release|Any CPU.Build.0 = Release|Any CPU
		{383D1A07-CAE3-4BA2-BCAF-C2206DAA7577}.Release|ARM.ActiveCfg = Release|Any CPU
		{383D1A07-CAE3-4BA2-BCAF-C2206DAA7577}.Release|ARM.Build.0 = Release|Any CPU
		{383D1A07-CAE3-4BA2-BCAF-C2206DAA7577}.Release|ARM64.ActiveCfg = Release|Any CPU
		{383D1A07-CAE3-4BA2-BCAF-C2206DAA7577}.Release|ARM64.Build.0 = Release|Any CPU
		{383D1A07-CAE3-4BA2-BCAF-C2206DAA7577}.Release|x64.ActiveCfg = Release|Any CPU
		{383D1A07-CAE3-4BA2-BCAF-C2206DAA7577}.Release|x64.Build.0 = Release|Any CPU
		{383D1A07-CAE3-4BA2-BCAF-C2206DAA7577}.Release|x86.ActiveCfg = Release|Any CPU
		{383D1A07-CAE3-4BA2-BCAF-C2206DAA7577}.Release|x86.Build.0 = Release|Any CPU
	EndGlobalSection
	GlobalSection(SolutionProperties) = preSolution
		HideSolutionNode = FALSE
	EndGlobalSection
	GlobalSection(ExtensibilityGlobals) = postSolution
		SolutionGuid = {C49E84F3-E769-4690-B58F-644D49AD54ED}
	EndGlobalSection
EndGlobal
